Microsoft Visual Studio Solution File, Format Version 12.00
# Visual Studio Version 17
VisualStudioVersion = 17.5.2.0
MinimumVisualStudioVersion = 10.0.40219.1
Project("{FAE04EC0-301F-11D3-BF4B-00C04F79EFBC}") = "CleanArchitectureDemo.Infrastructure", "CleanArchitectureDemo.Infrastructure.csproj", "{FC9B5A89-BC58-D6A2-AED3-637BC7DAAFF7}"
EndProject
Global
	GlobalSection(SolutionConfigurationPlatforms) = preSolution
		Debug|Any CPU = Debug|Any CPU
		Release|Any CPU = Release|Any CPU
	EndGlobalSection
	GlobalSection(ProjectConfigurationPlatforms) = postSolution
		{FC9B5A89-BC58-D6A2-AED3-637BC7DAAFF7}.Debug|Any CPU.ActiveCfg = Debug|Any CPU
		{FC9B5A89-BC58-D6A2-AED3-637BC7DAAFF7}.Debug|Any CPU.Build.0 = Debug|Any CPU
		{FC9B5A89-BC58-D6A2-AED3-637BC7DAAFF7}.Release|Any CPU.ActiveCfg = Release|Any CPU
		{FC9B5A89-BC58-D6A2-AED3-637BC7DAAFF7}.Release|Any CPU.Build.0 = Release|Any CPU
	EndGlobalSection
	GlobalSection(SolutionProperties) = preSolution
		HideSolutionNode = FALSE
	EndGlobalSection
	GlobalSection(ExtensibilityGlobals) = postSolution
		SolutionGuid = {EC5BFBF6-7F5F-4694-86EC-D843E019A277}
	EndGlobalSection
EndGlobal
